{
    "_readme": [
        "This file locks the dependencies of your project to a known state",
        "Read more about it at https://getcomposer.org/doc/01-basic-usage.md#installing-dependencies",
        "This file is @generated automatically"
    ],
    "content-hash": "cbabcd9e5fe72a42e038bdc1550a88b8",
    "packages": [
        {
            "name": "heroku/heroku-buildpack-php",
            "version": "v226",
            "source": {
                "type": "git",
                "url": "https://github.com/heroku/heroku-buildpack-php.git",
                "reference": "9d94153147d2fd68f34c82cbbf9b6f02eb1e01b8"
            },
            "dist": {
                "type": "zip",
                "url": "https://api.github.com/repos/heroku/heroku-buildpack-php/zipball/9d94153147d2fd68f34c82cbbf9b6f02eb1e01b8",
                "reference": "9d94153147d2fd68f34c82cbbf9b6f02eb1e01b8",
                "shasum": ""
            },
            "bin": [
                "bin/heroku-php-apache2",
                "bin/heroku-php-nginx"
            ],
            "type": "library",
            "notification-url": "https://packagist.org/downloads/",
            "license": [
                "MIT"
            ],
            "authors": [
                {
                    "name": "David Zuelke",
                    "email": "dz@heroku.com"
                }
            ],
            "description": "Toolkit for starting a PHP application locally, with or without foreman, using the same config for PHP and Apache2/Nginx as on Heroku",
            "homepage": "https://github.com/heroku/heroku-buildpack-php",
            "keywords": [
                "apache",
                "apache2",
                "foreman",
                "heroku",
                "nginx",
                "php"
            ],
            "support": {
                "issues": "https://github.com/heroku/heroku-buildpack-php/issues",
                "source": "https://github.com/heroku/heroku-buildpack-php/tree/v226"
            },
            "time": "2022-10-27T18:26:56+00:00"
        },
        {
            "name": "jmgq/a-star",
            "version": "v2.1.1",
            "source": {
                "type": "git",
                "url": "https://github.com/jmgq/php-a-star.git",
                "reference": "7a6553e6ceafbcb35afdca5e274f99d021a03e3c"
            },
            "dist": {
                "type": "zip",
                "url": "https://api.github.com/repos/jmgq/php-a-star/zipball/7a6553e6ceafbcb35afdca5e274f99d021a03e3c",
                "reference": "7a6553e6ceafbcb35afdca5e274f99d021a03e3c",
                "shasum": ""
            },
            "require": {
                "php": ">=8.0"
            },
            "require-dev": {
                "phan/phan": "^5.0",
                "php-coveralls/php-coveralls": "^2.0",
                "phpstan/phpstan": "^1.0",
                "phpunit/phpunit": "^9.0",
                "psalm/plugin-phpunit": "^0.15.1",
                "squizlabs/php_codesniffer": "^3.0",
                "symfony/console": "^5.0",
                "vimeo/psalm": "^4.5"
            },
            "type": "library",
            "autoload": {
                "psr-4": {
                    "JMGQ\\AStar\\": "src/"
                }
            },
            "notification-url": "https://packagist.org/downloads/",
            "license": [
                "MIT"
            ],
            "authors": [
                {
                    "name": "Jose Gonzalez",
                    "email": "jmgq@jmgq.es",
                    "homepage": "https://www.jmgq.es"
                }
            ],
            "description": "A* (A Star) algorithm for PHP",
            "keywords": [
                "Algorithm",
                "a",
                "a star",
                "pathfinding",
                "search"
            ],
            "support": {
                "issues": "https://github.com/jmgq/php-a-star/issues",
                "source": "https://github.com/jmgq/php-a-star/tree/v2.1.1"
            },
            "time": "2022-01-02T19:02:36+00:00"
        }
    ],
    "packages-dev": [],
    "aliases": [],
    "minimum-stability": "stable",
    "stability-flags": [],
    "prefer-stable": false,
    "prefer-lowest": false,
    "platform": [],
    "platform-dev": [],
    "plugin-api-version": "2.1.0"
}
